// !$*UTF8*$!
{
	archiveVersion = 1;
	classes = {
	};
	objectVersion = 60;
	objects = {

/* Begin PBXBuildFile section */
		6B01D2972C47293F00ABB7BD /* KorongaApp.swift in Sources */ = {isa = PBXBuildFile; fileRef = 6B01D2962C47293F00ABB7BD /* KorongaApp.swift */; };
		6B01D2992C47293F00ABB7BD /* ContentView.swift in Sources */ = {isa = PBXBuildFile; fileRef = 6B01D2982C47293F00ABB7BD /* ContentView.swift */; };
		6B01D29B2C47294000ABB7BD /* Assets.xcassets in Resources */ = {isa = PBXBuildFile; fileRef = 6B01D29A2C47294000ABB7BD /* Assets.xcassets */; };
		6B01D29E2C47294000ABB7BD /* Preview Assets.xcassets in Resources */ = {isa = PBXBuildFile; fileRef = 6B01D29D2C47294000ABB7BD /* Preview Assets.xcassets */; };
		6B01D2A82C47294000ABB7BD /* KorongaTests.swift in Sources */ = {isa = PBXBuildFile; fileRef = 6B01D2A72C47294000ABB7BD /* KorongaTests.swift */; };
		6B01D2B22C47294000ABB7BD /* KorongaUITests.swift in Sources */ = {isa = PBXBuildFile; fileRef = 6B01D2B12C47294000ABB7BD /* KorongaUITests.swift */; };
		6B01D2B42C47294000ABB7BD /* KorongaUITestsLaunchTests.swift in Sources */ = {isa = PBXBuildFile; fileRef = 6B01D2B32C47294000ABB7BD /* KorongaUITestsLaunchTests.swift */; };
/* End PBXBuildFile section */

/* Begin PBXContainerItemProxy section */
		6B01D2A42C47294000ABB7BD /* PBXContainerItemProxy */ = {
			isa = PBXContainerItemProxy;
			containerPortal = 6B01D28B2C47293F00ABB7BD /* Project object */;
			proxyType = 1;
			remoteGlobalIDString = 6B01D2922C47293F00ABB7BD;
			remoteInfo = Koronga;
		};
		6B01D2AE2C47294000ABB7BD /* PBXContainerItemProxy */ = {
			isa = PBXContainerItemProxy;
			containerPortal = 6B01D28B2C47293F00ABB7BD /* Project object */;
			proxyType = 1;
			remoteGlobalIDString = 6B01D2922C47293F00ABB7BD;
			remoteInfo = Koronga;
		};
/* End PBXContainerItemProxy section */

/* Begin PBXFileReference section */
		6B01D2932C47293F00ABB7BD /* Koronga.app */ = {isa = PBXFileReference; explicitFileType = wrapper.application; includeInIndex = 0; path = Koronga.app; sourceTree = BUILT_PRODUCTS_DIR; };
		6B01D2962C47293F00ABB7BD /* KorongaApp.swift */ = {isa = PBXFileReference; lastKnownFileType = sourcecode.swift; path = KorongaApp.swift; sourceTree = "<group>"; };
		6B01D2982C47293F00ABB7BD /* ContentView.swift */ = {isa = PBXFileReference; lastKnownFileType = sourcecode.swift; path = ContentView.swift; sourceTree = "<group>"; };
		6B01D29A2C47294000ABB7BD /* Assets.xcassets */ = {isa = PBXFileReference; lastKnownFileType = folder.assetcatalog; path = Assets.xcassets; sourceTree = "<group>"; };
		6B01D29D2C47294000ABB7BD /* Preview Assets.xcassets */ = {isa = PBXFileReference; lastKnownFileType = folder.assetcatalog; path = "Preview Assets.xcassets"; sourceTree = "<group>"; };
		6B01D2A32C47294000ABB7BD /* KorongaTests.xctest */ = {isa = PBXFileReference; explicitFileType = wrapper.cfbundle; includeInIndex = 0; path = KorongaTests.xctest; sourceTree = BUILT_PRODUCTS_DIR; };
		6B01D2A72C47294000ABB7BD /* KorongaTests.swift */ = {isa = PBXFileReference; lastKnownFileType = sourcecode.swift; path = KorongaTests.swift; sourceTree = "<group>"; };
		6B01D2AD2C47294000ABB7BD /* KorongaUITests.xctest */ = {isa = PBXFileReference; explicitFileType = wrapper.cfbundle; includeInIndex = 0; path = KorongaUITests.xctest; sourceTree = BUILT_PRODUCTS_DIR; };
		6B01D2B12C47294000ABB7BD /* KorongaUITests.swift */ = {isa = PBXFileReference; lastKnownFileType = sourcecode.swift; path = KorongaUITests.swift; sourceTree = "<group>"; };
		6B01D2B32C47294000ABB7BD /* KorongaUITestsLaunchTests.swift */ = {isa = PBXFileReference; lastKnownFileType = sourcecode.swift; path = KorongaUITestsLaunchTests.swift; sourceTree = "<group>"; };
/* End PBXFileReference section */

/* Begin PBXFrameworksBuildPhase section */
		6B01D2902C47293F00ABB7BD /* Frameworks */ = {
			isa = PBXFrameworksBuildPhase;
			buildActionMask = 2147483647;
			files = (
			);
			runOnlyForDeploymentPostprocessing = 0;
		};
		6B01D2A02C47294000ABB7BD /* Frameworks */ = {
			isa = PBXFrameworksBuildPhase;
			buildActionMask = 2147483647;
			files = (
			);
			runOnlyForDeploymentPostprocessing = 0;
		};
		6B01D2AA2C47294000ABB7BD /* Frameworks */ = {
			isa = PBXFrameworksBuildPhase;
			buildActionMask = 2147483647;
			files = (
			);
			runOnlyForDeploymentPostprocessing = 0;
		};
/* End PBXFrameworksBuildPhase section */

/* Begin PBXGroup section */
		6B01D28A2C47293F00ABB7BD = {
			isa = PBXGroup;
			children = (
				6B01D2952C47293F00ABB7BD /* Koronga */,
				6B01D2A62C47294000ABB7BD /* KorongaTests */,
				6B01D2B02C47294000ABB7BD /* KorongaUITests */,
				6B01D2942C47293F00ABB7BD /* Products */,
			);
			sourceTree = "<group>";
		};
		6B01D2942C47293F00ABB7BD /* Products */ = {
			isa = PBXGroup;
			children = (
				6B01D2932C47293F00ABB7BD /* Koronga.app */,
				6B01D2A32C47294000ABB7BD /* KorongaTests.xctest */,
				6B01D2AD2C47294000ABB7BD /* KorongaUITests.xctest */,
			);
			name = Products;
			sourceTree = "<group>";
		};
		6B01D2952C47293F00ABB7BD /* Koronga */ = {
			isa = PBXGroup;
			children = (
				6B01D2962C47293F00ABB7BD /* KorongaApp.swift */,
				6B01D2982C47293F00ABB7BD /* ContentView.swift */,
				6B01D29A2C47294000ABB7BD /* Assets.xcassets */,
				6B01D29C2C47294000ABB7BD /* Preview Content */,
			);
			path = Koronga;
			sourceTree = "<group>";
		};
		6B01D29C2C47294000ABB7BD /* Preview Content */ = {
			isa = PBXGroup;
			children = (
				6B01D29D2C47294000ABB7BD /* Preview Assets.xcassets */,
			);
			path = "Preview Content";
			sourceTree = "<group>";
		};
		6B01D2A62C47294000ABB7BD /* KorongaTests */ = {
			isa = PBXGroup;
			children = (
				6B01D2A72C47294000ABB7BD /* KorongaTests.swift */,
			);
			path = KorongaTests;
			sourceTree = "<group>";
		};
		6B01D2B02C47294000ABB7BD /* KorongaUITests */ = {
			isa = PBXGroup;
			children = (
				6B01D2B12C47294000ABB7BD /* KorongaUITests.swift */,
				6B01D2B32C47294000ABB7BD /* KorongaUITestsLaunchTests.swift */,
			);
			path = KorongaUITests;
			sourceTree = "<group>";
		};
/* End PBXGroup section */

/* Begin PBXNativeTarget section */
		6B01D2922C47293F00ABB7BD /* Koronga */ = {
			isa = PBXNativeTarget;
			buildConfigurationList = 6B01D2B72C47294000ABB7BD /* Build configuration list for PBXNativeTarget "Koronga" */;
			buildPhases = (
				6B01D28F2C47293F00ABB7BD /* Sources */,
				6B01D2902C47293F00ABB7BD /* Frameworks */,
				6B01D2912C47293F00ABB7BD /* Resources */,
			);
			buildRules = (
			);
			dependencies = (
			);
			name = Koronga;
			productName = Koronga;
			productReference = 6B01D2932C47293F00ABB7BD /* Koronga.app */;
			productType = "com.apple.product-type.application";
		};
		6B01D2A22C47294000ABB7BD /* KorongaTests */ = {
			isa = PBXNativeTarget;
			buildConfigurationList = 6B01D2BA2C47294000ABB7BD /* Build configuration list for PBXNativeTarget "KorongaTests" */;
			buildPhases = (
				6B01D29F2C47294000ABB7BD /* Sources */,
				6B01D2A02C47294000ABB7BD /* Frameworks */,
				6B01D2A12C47294000ABB7BD /* Resources */,
			);
			buildRules = (
			);
			dependencies = (
				6B01D2A52C47294000ABB7BD /* PBXTargetDependency */,
			);
			name = KorongaTests;
			productName = KorongaTests;
			productReference = 6B01D2A32C47294000ABB7BD /* KorongaTests.xctest */;
			productType = "com.apple.product-type.bundle.unit-test";
		};
		6B01D2AC2C47294000ABB7BD /* KorongaUITests */ = {
			isa = PBXNativeTarget;
			buildConfigurationList = 6B01D2BD2C47294000ABB7BD /* Build configuration list for PBXNativeTarget "KorongaUITests" */;
			buildPhases = (
				6B01D2A92C47294000ABB7BD /* Sources */,
				6B01D2AA2C47294000ABB7BD /* Frameworks */,
				6B01D2AB2C47294000ABB7BD /* Resources */,
			);
			buildRules = (
			);
			dependencies = (
				6B01D2AF2C47294000ABB7BD /* PBXTargetDependency */,
			);
			name = KorongaUITests;
			productName = KorongaUITests;
			productReference = 6B01D2AD2C47294000ABB7BD /* KorongaUITests.xctest */;
			productType = "com.apple.product-type.bundle.ui-testing";
		};
/* End PBXNativeTarget section */

/* Begin PBXProject section */
		6B01D28B2C47293F00ABB7BD /* Project object */ = {
			isa = PBXProject;
			attributes = {
				BuildIndependentTargetsInParallel = 1;
				LastSwiftUpdateCheck = 1600;
				LastUpgradeCheck = 1600;
				TargetAttributes = {
					6B01D2922C47293F00ABB7BD = {
						CreatedOnToolsVersion = 16.0;
					};
					6B01D2A22C47294000ABB7BD = {
						CreatedOnToolsVersion = 16.0;
						TestTargetID = 6B01D2922C47293F00ABB7BD;
					};
					6B01D2AC2C47294000ABB7BD = {
						CreatedOnToolsVersion = 16.0;
						TestTargetID = 6B01D2922C47293F00ABB7BD;
					};
				};
			};
			buildConfigurationList = 6B01D28E2C47293F00ABB7BD /* Build configuration list for PBXProject "Koronga" */;
			compatibilityVersion = "Xcode 15.0";
			developmentRegion = en;
			hasScannedForEncodings = 0;
			knownRegions = (
				en,
				Base,
			);
			mainGroup = 6B01D28A2C47293F00ABB7BD;
			productRefGroup = 6B01D2942C47293F00ABB7BD /* Products */;
			projectDirPath = "";
			projectRoot = "";
			targets = (
				6B01D2922C47293F00ABB7BD /* Koronga */,
				6B01D2A22C47294000ABB7BD /* KorongaTests */,
				6B01D2AC2C47294000ABB7BD /* KorongaUITests */,
			);
		};
/* End PBXProject section */

/* Begin PBXResourcesBuildPhase section */
		6B01D2912C47293F00ABB7BD /* Resources */ = {
			isa = PBXResourcesBuildPhase;
			buildActionMask = 2147483647;
			files = (
				6B01D29E2C47294000ABB7BD /* Preview Assets.xcassets in Resources */,
				6B01D29B2C47294000ABB7BD /* Assets.xcassets in Resources */,
			);
			runOnlyForDeploymentPostprocessing = 0;
		};
		6B01D2A12C47294000ABB7BD /* Resources */ = {
			isa = PBXResourcesBuildPhase;
			buildActionMask = 2147483647;
			files = (
			);
			runOnlyForDeploymentPostprocessing = 0;
		};
		6B01D2AB2C47294000ABB7BD /* Resources */ = {
			isa = PBXResourcesBuildPhase;
			buildActionMask = 2147483647;
			files = (
			);
			runOnlyForDeploymentPostprocessing = 0;
		};
/* End PBXResourcesBuildPhase section */

/* Begin PBXSourcesBuildPhase section */
		6B01D28F2C47293F00ABB7BD /* Sources */ = {
			isa = PBXSourcesBuildPhase;
			buildActionMask = 2147483647;
			files = (
				6B01D2992C47293F00ABB7BD /* ContentView.swift in Sources */,
				6B01D2972C47293F00ABB7BD /* KorongaApp.swift in Sources */,
			);
			runOnlyForDeploymentPostprocessing = 0;
		};
		6B01D29F2C47294000ABB7BD /* Sources */ = {
			isa = PBXSourcesBuildPhase;
			buildActionMask = 2147483647;
			files = (
				6B01D2A82C47294000ABB7BD /* KorongaTests.swift in Sources */,
			);
			runOnlyForDeploymentPostprocessing = 0;
		};
		6B01D2A92C47294000ABB7BD /* Sources */ = {
			isa = PBXSourcesBuildPhase;
			buildActionMask = 2147483647;
			files = (
				6B01D2B42C47294000ABB7BD /* KorongaUITestsLaunchTests.swift in Sources */,
				6B01D2B22C47294000ABB7BD /* KorongaUITests.swift in Sources */,
			);
			runOnlyForDeploymentPostprocessing = 0;
		};
/* End PBXSourcesBuildPhase section */

/* Begin PBXTargetDependency section */
		6B01D2A52C47294000ABB7BD /* PBXTargetDependency */ = {
			isa = PBXTargetDependency;
			target = 6B01D2922C47293F00ABB7BD /* Koronga */;
			targetProxy = 6B01D2A42C47294000ABB7BD /* PBXContainerItemProxy */;
		};
		6B01D2AF2C47294000ABB7BD /* PBXTargetDependency */ = {
			isa = PBXTargetDependency;
			target = 6B01D2922C47293F00ABB7BD /* Koronga */;
			targetProxy = 6B01D2AE2C47294000ABB7BD /* PBXContainerItemProxy */;
		};
/* End PBXTargetDependency section */

/* Begin XCBuildConfiguration section */
		6B01D2B52C47294000ABB7BD /* Debug */ = {
			isa = XCBuildConfiguration;
			buildSettings = {
				ALWAYS_SEARCH_USER_PATHS = NO;
				ASSETCATALOG_COMPILER_GENERATE_SWIFT_ASSET_SYMBOL_EXTENSIONS = YES;
				CLANG_ANALYZER_NONNULL = YES;
				CLANG_ANALYZER_NUMBER_OBJECT_CONVERSION = YES_AGGRESSIVE;
				CLANG_CXX_LANGUAGE_STANDARD = "gnu++20";
				CLANG_ENABLE_MODULES = YES;
				CLANG_ENABLE_OBJC_ARC = YES;
				CLANG_ENABLE_OBJC_WEAK = YES;
				CLANG_WARN_BLOCK_CAPTURE_AUTORELEASING = YES;
				CLANG_WARN_BOOL_CONVERSION = YES;
				CLANG_WARN_COMMA = YES;
				CLANG_WARN_CONSTANT_CONVERSION = YES;
				CLANG_WARN_DEPRECATED_OBJC_IMPLEMENTATIONS = YES;
				CLANG_WARN_DIRECT_OBJC_ISA_USAGE = YES_ERROR;
				CLANG_WARN_DOCUMENTATION_COMMENTS = YES;
				CLANG_WARN_EMPTY_BODY = YES;
				CLANG_WARN_ENUM_CONVERSION = YES;
				CLANG_WARN_INFINITE_RECURSION = YES;
				CLANG_WARN_INT_CONVERSION = YES;
				CLANG_WARN_NON_LITERAL_NULL_CONVERSION = YES;
				CLANG_WARN_OBJC_IMPLICIT_RETAIN_SELF = YES;
				CLANG_WARN_OBJC_LITERAL_CONVERSION = YES;
				CLANG_WARN_OBJC_ROOT_CLASS = YES_ERROR;
				CLANG_WARN_QUOTED_INCLUDE_IN_FRAMEWORK_HEADER = YES;
				CLANG_WARN_RANGE_LOOP_ANALYSIS = YES;
				CLANG_WARN_STRICT_PROTOTYPES = YES;
				CLANG_WARN_SUSPICIOUS_MOVE = YES;
				CLANG_WARN_UNGUARDED_AVAILABILITY = YES_AGGRESSIVE;
				CLANG_WARN_UNREACHABLE_CODE = YES;
				CLANG_WARN__DUPLICATE_METHOD_MATCH = YES;
				COPY_PHASE_STRIP = NO;
				DEBUG_INFORMATION_FORMAT = dwarf;
				ENABLE_STRICT_OBJC_MSGSEND = YES;
				ENABLE_TESTABILITY = YES;
				ENABLE_USER_SCRIPT_SANDBOXING = YES;
				GCC_C_LANGUAGE_STANDARD = gnu17;
				GCC_DYNAMIC_NO_PIC = NO;
				GCC_NO_COMMON_BLOCKS = YES;
				GCC_OPTIMIZATION_LEVEL = 0;
				GCC_PREPROCESSOR_DEFINITIONS = (
					"DEBUG=1",
					"$(inherited)",
				);
				GCC_WARN_64_TO_32_BIT_CONVERSION = YES;
				GCC_WARN_ABOUT_RETURN_TYPE = YES_ERROR;
				GCC_WARN_UNDECLARED_SELECTOR = YES;
				GCC_WARN_UNINITIALIZED_AUTOS = YES_AGGRESSIVE;
				GCC_WARN_UNUSED_FUNCTION = YES;
				GCC_WARN_UNUSED_VARIABLE = YES;
				IPHONEOS_DEPLOYMENT_TARGET = 18.0;
				LOCALIZATION_PREFERS_STRING_CATALOGS = YES;
				MTL_ENABLE_DEBUG_INFO = INCLUDE_SOURCE;
				MTL_FAST_MATH = YES;
				ONLY_ACTIVE_ARCH = YES;
				SDKROOT = iphoneos;
				SWIFT_ACTIVE_COMPILATION_CONDITIONS = "DEBUG $(inherited)";
				SWIFT_OPTIMIZATION_LEVEL = "-Onone";
			};
			name = Debug;
		};
		6B01D2B62C47294000ABB7BD /* Release */ = {
			isa = XCBuildConfiguration;
			buildSettings = {
				ALWAYS_SEARCH_USER_PATHS = NO;
				ASSETCATALOG_COMPILER_GENERATE_SWIFT_ASSET_SYMBOL_EXTENSIONS = YES;
				CLANG_ANALYZER_NONNULL = YES;
				CLANG_ANALYZER_NUMBER_OBJECT_CONVERSION = YES_AGGRESSIVE;
				CLANG_CXX_LANGUAGE_STANDARD = "gnu++20";
				CLANG_ENABLE_MODULES = YES;
				CLANG_ENABLE_OBJC_ARC = YES;
				CLANG_ENABLE_OBJC_WEAK = YES;
				CLANG_WARN_BLOCK_CAPTURE_AUTORELEASING = YES;
				CLANG_WARN_BOOL_CONVERSION = YES;
				CLANG_WARN_COMMA = YES;
				CLANG_WARN_CONSTANT_CONVERSION = YES;
				CLANG_WARN_DEPRECATED_OBJC_IMPLEMENTATIONS = YES;
				CLANG_WARN_DIRECT_OBJC_ISA_USAGE = YES_ERROR;
				CLANG_WARN_DOCUMENTATION_COMMENTS = YES;
				CLANG_WARN_EMPTY_BODY = YES;
				CLANG_WARN_ENUM_CONVERSION = YES;
				CLANG_WARN_INFINITE_RECURSION = YES;
				CLANG_WARN_INT_CONVERSION = YES;
				CLANG_WARN_NON_LITERAL_NULL_CONVERSION = YES;
				CLANG_WARN_OBJC_IMPLICIT_RETAIN_SELF = YES;
				CLANG_WARN_OBJC_LITERAL_CONVERSION = YES;
				CLANG_WARN_OBJC_ROOT_CLASS = YES_ERROR;
				CLANG_WARN_QUOTED_INCLUDE_IN_FRAMEWORK_HEADER = YES;
				CLANG_WARN_RANGE_LOOP_ANALYSIS = YES;
				CLANG_WARN_STRICT_PROTOTYPES = YES;
				CLANG_WARN_SUSPICIOUS_MOVE = YES;
				CLANG_WARN_UNGUARDED_AVAILABILITY = YES_AGGRESSIVE;
				CLANG_WARN_UNREACHABLE_CODE = YES;
				CLANG_WARN__DUPLICATE_METHOD_MATCH = YES;
				COPY_PHASE_STRIP = NO;
				DEBUG_INFORMATION_FORMAT = "dwarf-with-dsym";
				ENABLE_NS_ASSERTIONS = NO;
				ENABLE_STRICT_OBJC_MSGSEND = YES;
				ENABLE_USER_SCRIPT_SANDBOXING = YES;
				GCC_C_LANGUAGE_STANDARD = gnu17;
				GCC_NO_COMMON_BLOCKS = YES;
				GCC_WARN_64_TO_32_BIT_CONVERSION = YES;
				GCC_WARN_ABOUT_RETURN_TYPE = YES_ERROR;
				GCC_WARN_UNDECLARED_SELECTOR = YES;
				GCC_WARN_UNINITIALIZED_AUTOS = YES_AGGRESSIVE;
				GCC_WARN_UNUSED_FUNCTION = YES;
				GCC_WARN_UNUSED_VARIABLE = YES;
				IPHONEOS_DEPLOYMENT_TARGET = 18.0;
				LOCALIZATION_PREFERS_STRING_CATALOGS = YES;
				MTL_ENABLE_DEBUG_INFO = NO;
				MTL_FAST_MATH = YES;
				SDKROOT = iphoneos;
				SWIFT_COMPILATION_MODE = wholemodule;
				VALIDATE_PRODUCT = YES;
			};
			name = Release;
		};
		6B01D2B82C47294000ABB7BD /* Debug */ = {
			isa = XCBuildConfiguration;
			buildSettings = {
				ASSETCATALOG_COMPILER_APPICON_NAME = AppIcon;
				ASSETCATALOG_COMPILER_GLOBAL_ACCENT_COLOR_NAME = AccentColor;
				CODE_SIGN_STYLE = Automatic;
				CURRENT_PROJECT_VERSION = 1;
				DEVELOPMENT_ASSET_PATHS = "\"Koronga/Preview Content\"";
				DEVELOPMENT_TEAM = SB43VX7763;
				ENABLE_PREVIEWS = YES;
				GENERATE_INFOPLIST_FILE = YES;
				INFOPLIST_KEY_UIApplicationSceneManifest_Generation = YES;
				INFOPLIST_KEY_UIApplicationSupportsIndirectInputEvents = YES;
				INFOPLIST_KEY_UILaunchScreen_Generation = YES;
				INFOPLIST_KEY_UISupportedInterfaceOrientations_iPad = "UIInterfaceOrientationPortrait UIInterfaceOrientationPortraitUpsideDown UIInterfaceOrientationLandscapeLeft UIInterfaceOrientationLandscapeRight";
				INFOPLIST_KEY_UISupportedInterfaceOrientations_iPhone = "UIInterfaceOrientationPortrait UIInterfaceOrientationLandscapeLeft UIInterfaceOrientationLandscapeRight";
				LD_RUNPATH_SEARCH_PATHS = (
					"$(inherited)",
					"@executable_path/Frameworks",
				);
				MARKETING_VERSION = 1.0;
				PRODUCT_BUNDLE_IDENTIFIER = com.SamHawthorne.Koronga;
				PRODUCT_NAME = "$(TARGET_NAME)";
				SWIFT_EMIT_LOC_STRINGS = YES;
				SWIFT_VERSION = 5.0;
				TARGETED_DEVICE_FAMILY = "1,2";
			};
			name = Debug;
		};
		6B01D2B92C47294000ABB7BD /* Release */ = {
			isa = XCBuildConfiguration;
			buildSettings = {
				ASSETCATALOG_COMPILER_APPICON_NAME = AppIcon;
				ASSETCATALOG_COMPILER_GLOBAL_ACCENT_COLOR_NAME = AccentColor;
				CODE_SIGN_STYLE = Automatic;
				CURRENT_PROJECT_VERSION = 1;
				DEVELOPMENT_ASSET_PATHS = "\"Koronga/Preview Content\"";
				DEVELOPMENT_TEAM = SB43VX7763;
				ENABLE_PREVIEWS = YES;
				GENERATE_INFOPLIST_FILE = YES;
				INFOPLIST_KEY_UIApplicationSceneManifest_Generation = YES;
				INFOPLIST_KEY_UIApplicationSupportsIndirectInputEvents = YES;
				INFOPLIST_KEY_UILaunchScreen_Generation = YES;
				INFOPLIST_KEY_UISupportedInterfaceOrientations_iPad = "UIInterfaceOrientationPortrait UIInterfaceOrientationPortraitUpsideDown UIInterfaceOrientationLandscapeLeft UIInterfaceOrientationLandscapeRight";
				INFOPLIST_KEY_UISupportedInterfaceOrientations_iPhone = "UIInterfaceOrientationPortrait UIInterfaceOrientationLandscapeLeft UIInterfaceOrientationLandscapeRight";
				LD_RUNPATH_SEARCH_PATHS = (
					"$(inherited)",
					"@executable_path/Frameworks",
				);
				MARKETING_VERSION = 1.0;
				PRODUCT_BUNDLE_IDENTIFIER = com.SamHawthorne.Koronga;
				PRODUCT_NAME = "$(TARGET_NAME)";
				SWIFT_EMIT_LOC_STRINGS = YES;
				SWIFT_VERSION = 5.0;
				TARGETED_DEVICE_FAMILY = "1,2";
			};
			name = Release;
		};
		6B01D2BB2C47294000ABB7BD /* Debug */ = {
			isa = XCBuildConfiguration;
			buildSettings = {
				BUNDLE_LOADER = "$(TEST_HOST)";
				CODE_SIGN_STYLE = Automatic;
				CURRENT_PROJECT_VERSION = 1;
				DEVELOPMENT_TEAM = SB43VX7763;
				GENERATE_INFOPLIST_FILE = YES;
				IPHONEOS_DEPLOYMENT_TARGET = 18.0;
				MARKETING_VERSION = 1.0;
				PRODUCT_BUNDLE_IDENTIFIER = com.SamHawthorne.KorongaTests;
				PRODUCT_NAME = "$(TARGET_NAME)";
				SWIFT_EMIT_LOC_STRINGS = NO;
				SWIFT_VERSION = 5.0;
				TARGETED_DEVICE_FAMILY = "1,2";
				TEST_HOST = "$(BUILT_PRODUCTS_DIR)/Koronga.app/$(BUNDLE_EXECUTABLE_FOLDER_PATH)/Koronga";
			};
			name = Debug;
		};
		6B01D2BC2C47294000ABB7BD /* Release */ = {
			isa = XCBuildConfiguration;
			buildSettings = {
				BUNDLE_LOADER = "$(TEST_HOST)";
				CODE_SIGN_STYLE = Automatic;
				CURRENT_PROJECT_VERSION = 1;
				DEVELOPMENT_TEAM = SB43VX7763;
				GENERATE_INFOPLIST_FILE = YES;
				IPHONEOS_DEPLOYMENT_TARGET = 18.0;
				MARKETING_VERSION = 1.0;
				PRODUCT_BUNDLE_IDENTIFIER = com.SamHawthorne.KorongaTests;
				PRODUCT_NAME = "$(TARGET_NAME)";
				SWIFT_EMIT_LOC_STRINGS = NO;
				SWIFT_VERSION = 5.0;
				TARGETED_DEVICE_FAMILY = "1,2";
				TEST_HOST = "$(BUILT_PRODUCTS_DIR)/Koronga.app/$(BUNDLE_EXECUTABLE_FOLDER_PATH)/Koronga";
			};
			name = Release;
		};
		6B01D2BE2C47294000ABB7BD /* Debug */ = {
			isa = XCBuildConfiguration;
			buildSettings = {
				CODE_SIGN_STYLE = Automatic;
				CURRENT_PROJECT_VERSION = 1;
				DEVELOPMENT_TEAM = SB43VX7763;
				GENERATE_INFOPLIST_FILE = YES;
				MARKETING_VERSION = 1.0;
				PRODUCT_BUNDLE_IDENTIFIER = com.SamHawthorne.KorongaUITests;
				PRODUCT_NAME = "$(TARGET_NAME)";
				SWIFT_EMIT_LOC_STRINGS = NO;
				SWIFT_VERSION = 5.0;
				TARGETED_DEVICE_FAMILY = "1,2";
				TEST_TARGET_NAME = Koronga;
			};
			name = Debug;
		};
		6B01D2BF2C47294000ABB7BD /* Release */ = {
			isa = XCBuildConfiguration;
			buildSettings = {
				CODE_SIGN_STYLE = Automatic;
				CURRENT_PROJECT_VERSION = 1;
				DEVELOPMENT_TEAM = SB43VX7763;
				GENERATE_INFOPLIST_FILE = YES;
				MARKETING_VERSION = 1.0;
				PRODUCT_BUNDLE_IDENTIFIER = com.SamHawthorne.KorongaUITests;
				PRODUCT_NAME = "$(TARGET_NAME)";
				SWIFT_EMIT_LOC_STRINGS = NO;
				SWIFT_VERSION = 5.0;
				TARGETED_DEVICE_FAMILY = "1,2";
				TEST_TARGET_NAME = Koronga;
			};
			name = Release;
		};
/* End XCBuildConfiguration section */

/* Begin XCConfigurationList section */
		6B01D28E2C47293F00ABB7BD /* Build configuration list for PBXProject "Koronga" */ = {
			isa = XCConfigurationList;
			buildConfigurations = (
				6B01D2B52C47294000ABB7BD /* Debug */,
				6B01D2B62C47294000ABB7BD /* Release */,
			);
			defaultConfigurationIsVisible = 0;
			defaultConfigurationName = Release;
		};
		6B01D2B72C47294000ABB7BD /* Build configuration list for PBXNativeTarget "Koronga" */ = {
			isa = XCConfigurationList;
			buildConfigurations = (
				6B01D2B82C47294000ABB7BD /* Debug */,
				6B01D2B92C47294000ABB7BD /* Release */,
			);
			defaultConfigurationIsVisible = 0;
			defaultConfigurationName = Release;
		};
		6B01D2BA2C47294000ABB7BD /* Build configuration list for PBXNativeTarget "KorongaTests" */ = {
			isa = XCConfigurationList;
			buildConfigurations = (
				6B01D2BB2C47294000ABB7BD /* Debug */,
				6B01D2BC2C47294000ABB7BD /* Release */,
			);
			defaultConfigurationIsVisible = 0;
			defaultConfigurationName = Release;
		};
		6B01D2BD2C47294000ABB7BD /* Build configuration list for PBXNativeTarget "KorongaUITests" */ = {
			isa = XCConfigurationList;
			buildConfigurations = (
				6B01D2BE2C47294000ABB7BD /* Debug */,
				6B01D2BF2C47294000ABB7BD /* Release */,
			);
			defaultConfigurationIsVisible = 0;
			defaultConfigurationName = Release;
		};
/* End XCConfigurationList section */
	};
	rootObject = 6B01D28B2C47293F00ABB7BD /* Project object */;
}
